<?xml version="1.0" encoding="utf-8"?>
<Project ToolsVersion="4.0" xmlns="http://schemas.microsoft.com/developer/msbuild/2003">
  <ItemGroup>
    <Filter Include="ソース ファイル">
      <UniqueIdentifier>{4FC737F1-C7A5-4376-A066-2A32D752A2FF}</UniqueIdentifier>
      <Extensions>cpp;c;cc;cxx;def;odl;idl;hpj;bat;asm;asmx</Extensions>
    </Filter>
    <Filter Include="ヘッダー ファイル">
      <UniqueIdentifier>{93995380-89BD-4b04-88EB-625FBE52EBFB}</UniqueIdentifier>
      <Extensions>h;hh;hpp;hxx;hm;inl;inc;xsd</Extensions>
    </Filter>
    <Filter Include="リソース ファイル">
      <UniqueIdentifier>{67DA6AB6-F800-4c08-8B7A-83BB121AAD01}</UniqueIdentifier>
      <Extensions>rc;ico;cur;bmp;dlg;rc2;rct;bin;rgs;gif;jpg;jpeg;jpe;resx;tiff;tif;png;wav;mfcribbon-ms</Extensions>
    </Filter>
  </ItemGroup>
  <ItemGroup>
    <ClCompile Include="main.cpp">
      <Filter>ソース ファイル</Filter>
    </ClCompile>
    <ClCompile Include="G:\test2 - コピー\test\STG\STG\CObjAngleBullet.cpp">
      <Filter>ソース ファイル</Filter>
    </ClCompile>
    <ClCompile Include="G:\test2 - コピー\test\STG\STG\CObjBullet.cpp">
      <Filter>ソース ファイル</Filter>
    </ClCompile>
    <ClCompile Include="G:\test2 - コピー\test\STG\STG\CObjBullteEnemy.cpp">
      <Filter>ソース ファイル</Filter>
    </ClCompile>
    <ClCompile Include="G:\test2 - コピー\test\STG\STG\CObjHomingBullet.cpp">
      <Filter>ソース ファイル</Filter>
    </ClCompile>
    <ClCompile Include="G:\test2 - コピー\test\STG\STG\CObjHomingEnemy.cpp">
      <Filter>ソース ファイル</Filter>
    </ClCompile>
    <ClCompile Include="G:\test2 - コピー\test\STG\STG\CObjSinEnemy.cpp">
      <Filter>ソース ファイル</Filter>
    </ClCompile>
    <ClCompile Include="G:\test2 - コピー\test\STG\STG\ObjAttackEnemy.cpp">
      <Filter>ソース ファイル</Filter>
    </ClCompile>
    <ClCompile Include="G:\test2 - コピー\test\STG\STG\ObjBackground.cpp">
      <Filter>ソース ファイル</Filter>
    </ClCompile>
    <ClCompile Include="G:\test2 - コピー\test\STG\STG\ObjClear.cpp">
      <Filter>ソース ファイル</Filter>
    </ClCompile>
    <ClCompile Include="G:\test2 - コピー\test\STG\STG\ObjDiffusionEnemy.cpp">
      <Filter>ソース ファイル</Filter>
    </ClCompile>
    <ClCompile Include="G:\test2 - コピー\test\STG\STG\ObjEnemy.cpp">
      <Filter>ソース ファイル</Filter>
    </ClCompile>
    <ClCompile Include="G:\test2 - コピー\test\STG\STG\ObjEnemyBoss.cpp">
      <Filter>ソース ファイル</Filter>
    </ClCompile>
    <ClCompile Include="G:\test2 - コピー\test\STG\STG\ObjGameOver.cpp">
      <Filter>ソース ファイル</Filter>
    </ClCompile>
    <ClCompile Include="G:\test2 - コピー\test\STG\STG\ObjHero.cpp">
      <Filter>ソース ファイル</Filter>
    </ClCompile>
    <ClCompile Include="G:\test2 - コピー\test\STG\STG\ObjTitle.cpp">
      <Filter>ソース ファイル</Filter>
    </ClCompile>
    <ClCompile Include="G:\test2 - コピー\test\STG\STG\SceneClear.cpp">
      <Filter>ソース ファイル</Filter>
    </ClCompile>
    <ClCompile Include="G:\test2 - コピー\test\STG\STG\SceneGameOver.cpp">
      <Filter>ソース ファイル</Filter>
    </ClCompile>
    <ClCompile Include="G:\test2 - コピー\test\STG\STG\SceneMain.cpp">
      <Filter>ソース ファイル</Filter>
    </ClCompile>
    <ClCompile Include="G:\test2 - コピー\test\STG\STG\SceneTitle.cpp">
      <Filter>ソース ファイル</Filter>
    </ClCompile>
    <ClCompile Include="G:\test2 - コピー\test\STG\STG\UtilityModule.cpp">
      <Filter>ソース ファイル</Filter>
    </ClCompile>
    <ClCompile Include="GameL\Audio.cpp">
      <Filter>リソース ファイル</Filter>
    </ClCompile>
    <ClCompile Include="GameL\DirectXDevice.cpp">
      <Filter>リソース ファイル</Filter>
    </ClCompile>
    <ClCompile Include="GameL\DrawFont.cpp">
      <Filter>リソース ファイル</Filter>
    </ClCompile>
    <ClCompile Include="GameL\DrawTexture.cpp">
      <Filter>リソース ファイル</Filter>
    </ClCompile>
    <ClCompile Include="GameL\GameL_Main.cpp">
      <Filter>リソース ファイル</Filter>
    </ClCompile>
    <ClCompile Include="GameL\HitBoxManager.cpp">
      <Filter>リソース ファイル</Filter>
    </ClCompile>
    <ClCompile Include="GameL\MultiThread.cpp">
      <Filter>リソース ファイル</Filter>
    </ClCompile>
    <ClCompile Include="GameL\SceneManager.cpp">
      <Filter>リソース ファイル</Filter>
    </ClCompile>
    <ClCompile Include="GameL\SceneObjManager.cpp">
      <Filter>リソース ファイル</Filter>
    </ClCompile>
    <ClCompile Include="GameL\SetWindow.cpp">
      <Filter>リソース ファイル</Filter>
    </ClCompile>
    <ClCompile Include="GameL\UserData.cpp">
      <Filter>リソース ファイル</Filter>
    </ClCompile>
    <ClCompile Include="GameL\WinInputs.cpp">
      <Filter>リソース ファイル</Filter>
    </ClCompile>
    <ClCompile Include="F:\test2 - コピー\test\STG\STG\ObjEnemy.cpp">
      <Filter>ソース ファイル</Filter>
    </ClCompile>
  </ItemGroup>
  <ItemGroup>
    <ClInclude Include="ObjHero.h">
      <Filter>ソース ファイル</Filter>
    </ClInclude>
    <ClInclude Include="D:\河島\test2 - コピー\指南書\２Ｄライブラリ\GameHead.h">
      <Filter>ヘッダー ファイル</Filter>
    </ClInclude>
    <ClInclude Include="D:\河島\test2 - コピー\指南書\２Ｄライブラリ\main.h">
      <Filter>ヘッダー ファイル</Filter>
    </ClInclude>
    <ClInclude Include="G:\test2 - コピー\test\STG\STG\CObjAngleBullet.h">
      <Filter>ソース ファイル</Filter>
    </ClInclude>
    <ClInclude Include="G:\test2 - コピー\test\STG\STG\CObjBullet.h">
      <Filter>ソース ファイル</Filter>
    </ClInclude>
    <ClInclude Include="G:\test2 - コピー\test\STG\STG\CObjBullteEnemy.h">
      <Filter>ソース ファイル</Filter>
    </ClInclude>
    <ClInclude Include="G:\test2 - コピー\test\STG\STG\CObjHomingBullet.h">
      <Filter>ソース ファイル</Filter>
    </ClInclude>
    <ClInclude Include="G:\test2 - コピー\test\STG\STG\CObjHomingEnemy.h">
      <Filter>ソース ファイル</Filter>
    </ClInclude>
    <ClInclude Include="G:\test2 - コピー\test\STG\STG\CObjSinEnemy.h">
      <Filter>ソース ファイル</Filter>
    </ClInclude>
    <ClInclude Include="G:\test2 - コピー\test\STG\STG\GameHead.h">
      <Filter>ソース ファイル</Filter>
    </ClInclude>
    <ClInclude Include="G:\test2 - コピー\test\STG\STG\main.h">
      <Filter>ソース ファイル</Filter>
    </ClInclude>
    <ClInclude Include="G:\test2 - コピー\test\STG\STG\ObjAttackEnemy.h">
      <Filter>ソース ファイル</Filter>
    </ClInclude>
    <ClInclude Include="G:\test2 - コピー\test\STG\STG\ObjBackground.h">
      <Filter>ソース ファイル</Filter>
    </ClInclude>
    <ClInclude Include="G:\test2 - コピー\test\STG\STG\ObjClear.h">
      <Filter>ソース ファイル</Filter>
    </ClInclude>
    <ClInclude Include="G:\test2 - コピー\test\STG\STG\ObjDiffusionEnemy.h">
      <Filter>ソース ファイル</Filter>
    </ClInclude>
    <ClInclude Include="G:\test2 - コピー\test\STG\STG\ObjEnemy.h">
      <Filter>ソース ファイル</Filter>
    </ClInclude>
    <ClInclude Include="G:\test2 - コピー\test\STG\STG\ObjEnemyBoss.h">
      <Filter>ソース ファイル</Filter>
    </ClInclude>
    <ClInclude Include="G:\test2 - コピー\test\STG\STG\ObjGameOver.h">
      <Filter>ソース ファイル</Filter>
    </ClInclude>
    <ClInclude Include="G:\test2 - コピー\test\STG\STG\ObjHero.h">
      <Filter>ソース ファイル</Filter>
    </ClInclude>
    <ClInclude Include="G:\test2 - コピー\test\STG\STG\ObjTitle.h">
      <Filter>ソース ファイル</Filter>
    </ClInclude>
    <ClInclude Include="G:\test2 - コピー\test\STG\STG\SceneClear.h">
      <Filter>ソース ファイル</Filter>
    </ClInclude>
    <ClInclude Include="G:\test2 - コピー\test\STG\STG\SceneGameOver.h">
      <Filter>ソース ファイル</Filter>
    </ClInclude>
    <ClInclude Include="G:\test2 - コピー\test\STG\STG\SceneMain.h">
      <Filter>ソース ファイル</Filter>
    </ClInclude>
    <ClInclude Include="G:\test2 - コピー\test\STG\STG\SceneTitle.h">
      <Filter>ソース ファイル</Filter>
    </ClInclude>
    <ClInclude Include="G:\test2 - コピー\test\STG\STG\UtilityModule.h">
      <Filter>ソース ファイル</Filter>
    </ClInclude>
    <ClInclude Include="GameL\Audio.h">
      <Filter>リソース ファイル</Filter>
    </ClInclude>
    <ClInclude Include="GameL\DirectXDevice.h">
      <Filter>リソース ファイル</Filter>
    </ClInclude>
    <ClInclude Include="GameL\DrawFont.h">
      <Filter>リソース ファイル</Filter>
    </ClInclude>
    <ClInclude Include="GameL\DrawTexture.h">
      <Filter>リソース ファイル</Filter>
    </ClInclude>
    <ClInclude Include="GameL\HitBoxManager.h">
      <Filter>リソース ファイル</Filter>
    </ClInclude>
    <ClInclude Include="GameL\MultiThread.h">
      <Filter>リソース ファイル</Filter>
    </ClInclude>
    <ClInclude Include="GameL\SceneManager.h">
      <Filter>リソース ファイル</Filter>
    </ClInclude>
    <ClInclude Include="GameL\SceneObjManager.h">
      <Filter>リソース ファイル</Filter>
    </ClInclude>
    <ClInclude Include="GameL\SetWindow.h">
      <Filter>リソース ファイル</Filter>
    </ClInclude>
    <ClInclude Include="GameL\UserData.h">
      <Filter>リソース ファイル</Filter>
    </ClInclude>
    <ClInclude Include="GameL\WinInputs.h">
      <Filter>リソース ファイル</Filter>
    </ClInclude>
    <ClInclude Include="F:\test2 - コピー\test\STG\STG\ObjEnemy.h">
      <Filter>ソース ファイル</Filter>
    </ClInclude>
  </ItemGroup>
  <ItemGroup>
    <Image Include="G:\test2 - コピー\test\STG\STG\danngann.png">
      <Filter>ソース ファイル</Filter>
    </Image>
  </ItemGroup>
  <ItemGroup>
    <FxCompile Include="GameL\Draw2DTex.hlsl">
      <Filter>リソース ファイル</Filter>
    </FxCompile>
  </ItemGroup>
</Project>